// !$*UTF8*$!
{
	archiveVersion = 1;
	classes = {
	};
	objectVersion = 56;
	objects = {

/* Begin PBXBuildFile section */
		C025D2DD29EFC9EB001AA83C /* Pedometer_SwiftApp.swift in Sources */ = {isa = PBXBuildFile; fileRef = C025D2DC29EFC9EB001AA83C /* Pedometer_SwiftApp.swift */; };
		C025D2DF29EFC9EB001AA83C /* ContentView.swift in Sources */ = {isa = PBXBuildFile; fileRef = C025D2DE29EFC9EB001AA83C /* ContentView.swift */; };
		C025D2E129EFC9EC001AA83C /* Assets.xcassets in Resources */ = {isa = PBXBuildFile; fileRef = C025D2E029EFC9EC001AA83C /* Assets.xcassets */; };
		C025D2E429EFC9EC001AA83C /* Preview Assets.xcassets in Resources */ = {isa = PBXBuildFile; fileRef = C025D2E329EFC9EC001AA83C /* Preview Assets.xcassets */; };
		C025D2EE29EFC9EC001AA83C /* Pedometer_SwiftTests.swift in Sources */ = {isa = PBXBuildFile; fileRef = C025D2ED29EFC9EC001AA83C /* Pedometer_SwiftTests.swift */; };
		C025D2F829EFC9EC001AA83C /* Pedometer_SwiftUITests.swift in Sources */ = {isa = PBXBuildFile; fileRef = C025D2F729EFC9EC001AA83C /* Pedometer_SwiftUITests.swift */; };
		C025D2FA29EFC9EC001AA83C /* Pedometer_SwiftUITestsLaunchTests.swift in Sources */ = {isa = PBXBuildFile; fileRef = C025D2F929EFC9EC001AA83C /* Pedometer_SwiftUITestsLaunchTests.swift */; };
/* End PBXBuildFile section */

/* Begin PBXContainerItemProxy section */
		C025D2EA29EFC9EC001AA83C /* PBXContainerItemProxy */ = {
			isa = PBXContainerItemProxy;
			containerPortal = C025D2D129EFC9EB001AA83C /* Project object */;
			proxyType = 1;
			remoteGlobalIDString = C025D2D829EFC9EB001AA83C;
			remoteInfo = "Pedometer-Swift";
		};
		C025D2F429EFC9EC001AA83C /* PBXContainerItemProxy */ = {
			isa = PBXContainerItemProxy;
			containerPortal = C025D2D129EFC9EB001AA83C /* Project object */;
			proxyType = 1;
			remoteGlobalIDString = C025D2D829EFC9EB001AA83C;
			remoteInfo = "Pedometer-Swift";
		};
/* End PBXContainerItemProxy section */

/* Begin PBXFileReference section */
		C025D2D929EFC9EB001AA83C /* Pedometer-Swift.app */ = {isa = PBXFileReference; explicitFileType = wrapper.application; includeInIndex = 0; path = "Pedometer-Swift.app"; sourceTree = BUILT_PRODUCTS_DIR; };
		C025D2DC29EFC9EB001AA83C /* Pedometer_SwiftApp.swift */ = {isa = PBXFileReference; lastKnownFileType = sourcecode.swift; path = Pedometer_SwiftApp.swift; sourceTree = "<group>"; };
		C025D2DE29EFC9EB001AA83C /* ContentView.swift */ = {isa = PBXFileReference; lastKnownFileType = sourcecode.swift; path = ContentView.swift; sourceTree = "<group>"; };
		C025D2E029EFC9EC001AA83C /* Assets.xcassets */ = {isa = PBXFileReference; lastKnownFileType = folder.assetcatalog; path = Assets.xcassets; sourceTree = "<group>"; };
		C025D2E329EFC9EC001AA83C /* Preview Assets.xcassets */ = {isa = PBXFileReference; lastKnownFileType = folder.assetcatalog; path = "Preview Assets.xcassets"; sourceTree = "<group>"; };
		C025D2E929EFC9EC001AA83C /* Pedometer-SwiftTests.xctest */ = {isa = PBXFileReference; explicitFileType = wrapper.cfbundle; includeInIndex = 0; path = "Pedometer-SwiftTests.xctest"; sourceTree = BUILT_PRODUCTS_DIR; };
		C025D2ED29EFC9EC001AA83C /* Pedometer_SwiftTests.swift */ = {isa = PBXFileReference; lastKnownFileType = sourcecode.swift; path = Pedometer_SwiftTests.swift; sourceTree = "<group>"; };
		C025D2F329EFC9EC001AA83C /* Pedometer-SwiftUITests.xctest */ = {isa = PBXFileReference; explicitFileType = wrapper.cfbundle; includeInIndex = 0; path = "Pedometer-SwiftUITests.xctest"; sourceTree = BUILT_PRODUCTS_DIR; };
		C025D2F729EFC9EC001AA83C /* Pedometer_SwiftUITests.swift */ = {isa = PBXFileReference; lastKnownFileType = sourcecode.swift; path = Pedometer_SwiftUITests.swift; sourceTree = "<group>"; };
		C025D2F929EFC9EC001AA83C /* Pedometer_SwiftUITestsLaunchTests.swift */ = {isa = PBXFileReference; lastKnownFileType = sourcecode.swift; path = Pedometer_SwiftUITestsLaunchTests.swift; sourceTree = "<group>"; };
/* End PBXFileReference section */

/* Begin PBXFrameworksBuildPhase section */
		C025D2D629EFC9EB001AA83C /* Frameworks */ = {
			isa = PBXFrameworksBuildPhase;
			buildActionMask = 2147483647;
			files = (
			);
			runOnlyForDeploymentPostprocessing = 0;
		};
		C025D2E629EFC9EC001AA83C /* Frameworks */ = {
			isa = PBXFrameworksBuildPhase;
			buildActionMask = 2147483647;
			files = (
			);
			runOnlyForDeploymentPostprocessing = 0;
		};
		C025D2F029EFC9EC001AA83C /* Frameworks */ = {
			isa = PBXFrameworksBuildPhase;
			buildActionMask = 2147483647;
			files = (
			);
			runOnlyForDeploymentPostprocessing = 0;
		};
/* End PBXFrameworksBuildPhase section */

/* Begin PBXGroup section */
		C025D2D029EFC9EB001AA83C = {
			isa = PBXGroup;
			children = (
				C025D2DB29EFC9EB001AA83C /* Pedometer-Swift */,
				C025D2EC29EFC9EC001AA83C /* Pedometer-SwiftTests */,
				C025D2F629EFC9EC001AA83C /* Pedometer-SwiftUITests */,
				C025D2DA29EFC9EB001AA83C /* Products */,
			);
			sourceTree = "<group>";
		};
		C025D2DA29EFC9EB001AA83C /* Products */ = {
			isa = PBXGroup;
			children = (
				C025D2D929EFC9EB001AA83C /* Pedometer-Swift.app */,
				C025D2E929EFC9EC001AA83C /* Pedometer-SwiftTests.xctest */,
				C025D2F329EFC9EC001AA83C /* Pedometer-SwiftUITests.xctest */,
			);
			name = Products;
			sourceTree = "<group>";
		};
		C025D2DB29EFC9EB001AA83C /* Pedometer-Swift */ = {
			isa = PBXGroup;
			children = (
				C025D2DC29EFC9EB001AA83C /* Pedometer_SwiftApp.swift */,
				C025D2DE29EFC9EB001AA83C /* ContentView.swift */,
				C025D2E029EFC9EC001AA83C /* Assets.xcassets */,
				C025D2E229EFC9EC001AA83C /* Preview Content */,
			);
			path = "Pedometer-Swift";
			sourceTree = "<group>";
		};
		C025D2E229EFC9EC001AA83C /* Preview Content */ = {
			isa = PBXGroup;
			children = (
				C025D2E329EFC9EC001AA83C /* Preview Assets.xcassets */,
			);
			path = "Preview Content";
			sourceTree = "<group>";
		};
		C025D2EC29EFC9EC001AA83C /* Pedometer-SwiftTests */ = {
			isa = PBXGroup;
			children = (
				C025D2ED29EFC9EC001AA83C /* Pedometer_SwiftTests.swift */,
			);
			path = "Pedometer-SwiftTests";
			sourceTree = "<group>";
		};
		C025D2F629EFC9EC001AA83C /* Pedometer-SwiftUITests */ = {
			isa = PBXGroup;
			children = (
				C025D2F729EFC9EC001AA83C /* Pedometer_SwiftUITests.swift */,
				C025D2F929EFC9EC001AA83C /* Pedometer_SwiftUITestsLaunchTests.swift */,
			);
			path = "Pedometer-SwiftUITests";
			sourceTree = "<group>";
		};
/* End PBXGroup section */

/* Begin PBXNativeTarget section */
		C025D2D829EFC9EB001AA83C /* Pedometer-Swift */ = {
			isa = PBXNativeTarget;
			buildConfigurationList = C025D2FD29EFC9EC001AA83C /* Build configuration list for PBXNativeTarget "Pedometer-Swift" */;
			buildPhases = (
				C025D2D529EFC9EB001AA83C /* Sources */,
				C025D2D629EFC9EB001AA83C /* Frameworks */,
				C025D2D729EFC9EB001AA83C /* Resources */,
			);
			buildRules = (
			);
			dependencies = (
			);
			name = "Pedometer-Swift";
			productName = "Pedometer-Swift";
			productReference = C025D2D929EFC9EB001AA83C /* Pedometer-Swift.app */;
			productType = "com.apple.product-type.application";
		};
		C025D2E829EFC9EC001AA83C /* Pedometer-SwiftTests */ = {
			isa = PBXNativeTarget;
			buildConfigurationList = C025D30029EFC9EC001AA83C /* Build configuration list for PBXNativeTarget "Pedometer-SwiftTests" */;
			buildPhases = (
				C025D2E529EFC9EC001AA83C /* Sources */,
				C025D2E629EFC9EC001AA83C /* Frameworks */,
				C025D2E729EFC9EC001AA83C /* Resources */,
			);
			buildRules = (
			);
			dependencies = (
				C025D2EB29EFC9EC001AA83C /* PBXTargetDependency */,
			);
			name = "Pedometer-SwiftTests";
			productName = "Pedometer-SwiftTests";
			productReference = C025D2E929EFC9EC001AA83C /* Pedometer-SwiftTests.xctest */;
			productType = "com.apple.product-type.bundle.unit-test";
		};
		C025D2F229EFC9EC001AA83C /* Pedometer-SwiftUITests */ = {
			isa = PBXNativeTarget;
			buildConfigurationList = C025D30329EFC9EC001AA83C /* Build configuration list for PBXNativeTarget "Pedometer-SwiftUITests" */;
			buildPhases = (
				C025D2EF29EFC9EC001AA83C /* Sources */,
				C025D2F029EFC9EC001AA83C /* Frameworks */,
				C025D2F129EFC9EC001AA83C /* Resources */,
			);
			buildRules = (
			);
			dependencies = (
				C025D2F529EFC9EC001AA83C /* PBXTargetDependency */,
			);
			name = "Pedometer-SwiftUITests";
			productName = "Pedometer-SwiftUITests";
			productReference = C025D2F329EFC9EC001AA83C /* Pedometer-SwiftUITests.xctest */;
			productType = "com.apple.product-type.bundle.ui-testing";
		};
/* End PBXNativeTarget section */

/* Begin PBXProject section */
		C025D2D129EFC9EB001AA83C /* Project object */ = {
			isa = PBXProject;
			attributes = {
				BuildIndependentTargetsInParallel = 1;
				LastSwiftUpdateCheck = 1430;
				LastUpgradeCheck = 1430;
				TargetAttributes = {
					C025D2D829EFC9EB001AA83C = {
						CreatedOnToolsVersion = 14.3;
					};
					C025D2E829EFC9EC001AA83C = {
						CreatedOnToolsVersion = 14.3;
						TestTargetID = C025D2D829EFC9EB001AA83C;
					};
					C025D2F229EFC9EC001AA83C = {
						CreatedOnToolsVersion = 14.3;
						TestTargetID = C025D2D829EFC9EB001AA83C;
					};
				};
			};
			buildConfigurationList = C025D2D429EFC9EB001AA83C /* Build configuration list for PBXProject "Pedometer-Swift" */;
			compatibilityVersion = "Xcode 14.0";
			developmentRegion = en;
			hasScannedForEncodings = 0;
			knownRegions = (
				en,
				Base,
			);
			mainGroup = C025D2D029EFC9EB001AA83C;
			productRefGroup = C025D2DA29EFC9EB001AA83C /* Products */;
			projectDirPath = "";
			projectRoot = "";
			targets = (
				C025D2D829EFC9EB001AA83C /* Pedometer-Swift */,
				C025D2E829EFC9EC001AA83C /* Pedometer-SwiftTests */,
				C025D2F229EFC9EC001AA83C /* Pedometer-SwiftUITests */,
			);
		};
/* End PBXProject section */

/* Begin PBXResourcesBuildPhase section */
		C025D2D729EFC9EB001AA83C /* Resources */ = {
			isa = PBXResourcesBuildPhase;
			buildActionMask = 2147483647;
			files = (
				C025D2E429EFC9EC001AA83C /* Preview Assets.xcassets in Resources */,
				C025D2E129EFC9EC001AA83C /* Assets.xcassets in Resources */,
			);
			runOnlyForDeploymentPostprocessing = 0;
		};
		C025D2E729EFC9EC001AA83C /* Resources */ = {
			isa = PBXResourcesBuildPhase;
			buildActionMask = 2147483647;
			files = (
			);
			runOnlyForDeploymentPostprocessing = 0;
		};
		C025D2F129EFC9EC001AA83C /* Resources */ = {
			isa = PBXResourcesBuildPhase;
			buildActionMask = 2147483647;
			files = (
			);
			runOnlyForDeploymentPostprocessing = 0;
		};
/* End PBXResourcesBuildPhase section */

/* Begin PBXSourcesBuildPhase section */
		C025D2D529EFC9EB001AA83C /* Sources */ = {
			isa = PBXSourcesBuildPhase;
			buildActionMask = 2147483647;
			files = (
				C025D2DF29EFC9EB001AA83C /* ContentView.swift in Sources */,
				C025D2DD29EFC9EB001AA83C /* Pedometer_SwiftApp.swift in Sources */,
			);
			runOnlyForDeploymentPostprocessing = 0;
		};
		C025D2E529EFC9EC001AA83C /* Sources */ = {
			isa = PBXSourcesBuildPhase;
			buildActionMask = 2147483647;
			files = (
				C025D2EE29EFC9EC001AA83C /* Pedometer_SwiftTests.swift in Sources */,
			);
			runOnlyForDeploymentPostprocessing = 0;
		};
		C025D2EF29EFC9EC001AA83C /* Sources */ = {
			isa = PBXSourcesBuildPhase;
			buildActionMask = 2147483647;
			files = (
				C025D2FA29EFC9EC001AA83C /* Pedometer_SwiftUITestsLaunchTests.swift in Sources */,
				C025D2F829EFC9EC001AA83C /* Pedometer_SwiftUITests.swift in Sources */,
			);
			runOnlyForDeploymentPostprocessing = 0;
		};
/* End PBXSourcesBuildPhase section */

/* Begin PBXTargetDependency section */
		C025D2EB29EFC9EC001AA83C /* PBXTargetDependency */ = {
			isa = PBXTargetDependency;
			target = C025D2D829EFC9EB001AA83C /* Pedometer-Swift */;
			targetProxy = C025D2EA29EFC9EC001AA83C /* PBXContainerItemProxy */;
		};
		C025D2F529EFC9EC001AA83C /* PBXTargetDependency */ = {
			isa = PBXTargetDependency;
			target = C025D2D829EFC9EB001AA83C /* Pedometer-Swift */;
			targetProxy = C025D2F429EFC9EC001AA83C /* PBXContainerItemProxy */;
		};
/* End PBXTargetDependency section */

/* Begin XCBuildConfiguration section */
		C025D2FB29EFC9EC001AA83C /* Debug */ = {
			isa = XCBuildConfiguration;
			buildSettings = {
				ALWAYS_SEARCH_USER_PATHS = NO;
				CLANG_ANALYZER_NONNULL = YES;
				CLANG_ANALYZER_NUMBER_OBJECT_CONVERSION = YES_AGGRESSIVE;
				CLANG_CXX_LANGUAGE_STANDARD = "gnu++20";
				CLANG_ENABLE_MODULES = YES;
				CLANG_ENABLE_OBJC_ARC = YES;
				CLANG_ENABLE_OBJC_WEAK = YES;
				CLANG_WARN_BLOCK_CAPTURE_AUTORELEASING = YES;
				CLANG_WARN_BOOL_CONVERSION = YES;
				CLANG_WARN_COMMA = YES;
				CLANG_WARN_CONSTANT_CONVERSION = YES;
				CLANG_WARN_DEPRECATED_OBJC_IMPLEMENTATIONS = YES;
				CLANG_WARN_DIRECT_OBJC_ISA_USAGE = YES_ERROR;
				CLANG_WARN_DOCUMENTATION_COMMENTS = YES;
				CLANG_WARN_EMPTY_BODY = YES;
				CLANG_WARN_ENUM_CONVERSION = YES;
				CLANG_WARN_INFINITE_RECURSION = YES;
				CLANG_WARN_INT_CONVERSION = YES;
				CLANG_WARN_NON_LITERAL_NULL_CONVERSION = YES;
				CLANG_WARN_OBJC_IMPLICIT_RETAIN_SELF = YES;
				CLANG_WARN_OBJC_LITERAL_CONVERSION = YES;
				CLANG_WARN_OBJC_ROOT_CLASS = YES_ERROR;
				CLANG_WARN_QUOTED_INCLUDE_IN_FRAMEWORK_HEADER = YES;
				CLANG_WARN_RANGE_LOOP_ANALYSIS = YES;
				CLANG_WARN_STRICT_PROTOTYPES = YES;
				CLANG_WARN_SUSPICIOUS_MOVE = YES;
				CLANG_WARN_UNGUARDED_AVAILABILITY = YES_AGGRESSIVE;
				CLANG_WARN_UNREACHABLE_CODE = YES;
				CLANG_WARN__DUPLICATE_METHOD_MATCH = YES;
				COPY_PHASE_STRIP = NO;
				DEBUG_INFORMATION_FORMAT = dwarf;
				ENABLE_STRICT_OBJC_MSGSEND = YES;
				ENABLE_TESTABILITY = YES;
				GCC_C_LANGUAGE_STANDARD = gnu11;
				GCC_DYNAMIC_NO_PIC = NO;
				GCC_NO_COMMON_BLOCKS = YES;
				GCC_OPTIMIZATION_LEVEL = 0;
				GCC_PREPROCESSOR_DEFINITIONS = (
					"DEBUG=1",
					"$(inherited)",
				);
				GCC_WARN_64_TO_32_BIT_CONVERSION = YES;
				GCC_WARN_ABOUT_RETURN_TYPE = YES_ERROR;
				GCC_WARN_UNDECLARED_SELECTOR = YES;
				GCC_WARN_UNINITIALIZED_AUTOS = YES_AGGRESSIVE;
				GCC_WARN_UNUSED_FUNCTION = YES;
				GCC_WARN_UNUSED_VARIABLE = YES;
				IPHONEOS_DEPLOYMENT_TARGET = 16.4;
				MTL_ENABLE_DEBUG_INFO = INCLUDE_SOURCE;
				MTL_FAST_MATH = YES;
				ONLY_ACTIVE_ARCH = YES;
				SDKROOT = iphoneos;
				SWIFT_ACTIVE_COMPILATION_CONDITIONS = DEBUG;
				SWIFT_OPTIMIZATION_LEVEL = "-Onone";
			};
			name = Debug;
		};
		C025D2FC29EFC9EC001AA83C /* Release */ = {
			isa = XCBuildConfiguration;
			buildSettings = {
				ALWAYS_SEARCH_USER_PATHS = NO;
				CLANG_ANALYZER_NONNULL = YES;
				CLANG_ANALYZER_NUMBER_OBJECT_CONVERSION = YES_AGGRESSIVE;
				CLANG_CXX_LANGUAGE_STANDARD = "gnu++20";
				CLANG_ENABLE_MODULES = YES;
				CLANG_ENABLE_OBJC_ARC = YES;
				CLANG_ENABLE_OBJC_WEAK = YES;
				CLANG_WARN_BLOCK_CAPTURE_AUTORELEASING = YES;
				CLANG_WARN_BOOL_CONVERSION = YES;
				CLANG_WARN_COMMA = YES;
				CLANG_WARN_CONSTANT_CONVERSION = YES;
				CLANG_WARN_DEPRECATED_OBJC_IMPLEMENTATIONS = YES;
				CLANG_WARN_DIRECT_OBJC_ISA_USAGE = YES_ERROR;
				CLANG_WARN_DOCUMENTATION_COMMENTS = YES;
				CLANG_WARN_EMPTY_BODY = YES;
				CLANG_WARN_ENUM_CONVERSION = YES;
				CLANG_WARN_INFINITE_RECURSION = YES;
				CLANG_WARN_INT_CONVERSION = YES;
				CLANG_WARN_NON_LITERAL_NULL_CONVERSION = YES;
				CLANG_WARN_OBJC_IMPLICIT_RETAIN_SELF = YES;
				CLANG_WARN_OBJC_LITERAL_CONVERSION = YES;
				CLANG_WARN_OBJC_ROOT_CLASS = YES_ERROR;
				CLANG_WARN_QUOTED_INCLUDE_IN_FRAMEWORK_HEADER = YES;
				CLANG_WARN_RANGE_LOOP_ANALYSIS = YES;
				CLANG_WARN_STRICT_PROTOTYPES = YES;
				CLANG_WARN_SUSPICIOUS_MOVE = YES;
				CLANG_WARN_UNGUARDED_AVAILABILITY = YES_AGGRESSIVE;
				CLANG_WARN_UNREACHABLE_CODE = YES;
				CLANG_WARN__DUPLICATE_METHOD_MATCH = YES;
				COPY_PHASE_STRIP = NO;
				DEBUG_INFORMATION_FORMAT = "dwarf-with-dsym";
				ENABLE_NS_ASSERTIONS = NO;
				ENABLE_STRICT_OBJC_MSGSEND = YES;
				GCC_C_LANGUAGE_STANDARD = gnu11;
				GCC_NO_COMMON_BLOCKS = YES;
				GCC_WARN_64_TO_32_BIT_CONVERSION = YES;
				GCC_WARN_ABOUT_RETURN_TYPE = YES_ERROR;
				GCC_WARN_UNDECLARED_SELECTOR = YES;
				GCC_WARN_UNINITIALIZED_AUTOS = YES_AGGRESSIVE;
				GCC_WARN_UNUSED_FUNCTION = YES;
				GCC_WARN_UNUSED_VARIABLE = YES;
				IPHONEOS_DEPLOYMENT_TARGET = 16.4;
				MTL_ENABLE_DEBUG_INFO = NO;
				MTL_FAST_MATH = YES;
				SDKROOT = iphoneos;
				SWIFT_COMPILATION_MODE = wholemodule;
				SWIFT_OPTIMIZATION_LEVEL = "-O";
				VALIDATE_PRODUCT = YES;
			};
			name = Release;
		};
		C025D2FE29EFC9EC001AA83C /* Debug */ = {
			isa = XCBuildConfiguration;
			buildSettings = {
				ASSETCATALOG_COMPILER_APPICON_NAME = AppIcon;
				ASSETCATALOG_COMPILER_GLOBAL_ACCENT_COLOR_NAME = AccentColor;
				CODE_SIGN_STYLE = Automatic;
				CURRENT_PROJECT_VERSION = 1;
				DEVELOPMENT_ASSET_PATHS = "\"Pedometer-Swift/Preview Content\"";
				ENABLE_PREVIEWS = YES;
				GENERATE_INFOPLIST_FILE = YES;
				INFOPLIST_KEY_UIApplicationSceneManifest_Generation = YES;
				INFOPLIST_KEY_UIApplicationSupportsIndirectInputEvents = YES;
				INFOPLIST_KEY_UILaunchScreen_Generation = YES;
				INFOPLIST_KEY_UISupportedInterfaceOrientations_iPad = "UIInterfaceOrientationPortrait UIInterfaceOrientationPortraitUpsideDown UIInterfaceOrientationLandscapeLeft UIInterfaceOrientationLandscapeRight";
				INFOPLIST_KEY_UISupportedInterfaceOrientations_iPhone = "UIInterfaceOrientationPortrait UIInterfaceOrientationLandscapeLeft UIInterfaceOrientationLandscapeRight";
				LD_RUNPATH_SEARCH_PATHS = (
					"$(inherited)",
					"@executable_path/Frameworks",
				);
				MARKETING_VERSION = 1.0;
				PRODUCT_BUNDLE_IDENTIFIER = "gaimo.ch.Pedometer-Swift";
				PRODUCT_NAME = "$(TARGET_NAME)";
				SWIFT_EMIT_LOC_STRINGS = YES;
				SWIFT_VERSION = 5.0;
				TARGETED_DEVICE_FAMILY = "1,2";
			};
			name = Debug;
		};
		C025D2FF29EFC9EC001AA83C /* Release */ = {
			isa = XCBuildConfiguration;
			buildSettings = {
				ASSETCATALOG_COMPILER_APPICON_NAME = AppIcon;
				ASSETCATALOG_COMPILER_GLOBAL_ACCENT_COLOR_NAME = AccentColor;
				CODE_SIGN_STYLE = Automatic;
				CURRENT_PROJECT_VERSION = 1;
				DEVELOPMENT_ASSET_PATHS = "\"Pedometer-Swift/Preview Content\"";
				ENABLE_PREVIEWS = YES;
				GENERATE_INFOPLIST_FILE = YES;
				INFOPLIST_KEY_UIApplicationSceneManifest_Generation = YES;
				INFOPLIST_KEY_UIApplicationSupportsIndirectInputEvents = YES;
				INFOPLIST_KEY_UILaunchScreen_Generation = YES;
				INFOPLIST_KEY_UISupportedInterfaceOrientations_iPad = "UIInterfaceOrientationPortrait UIInterfaceOrientationPortraitUpsideDown UIInterfaceOrientationLandscapeLeft UIInterfaceOrientationLandscapeRight";
				INFOPLIST_KEY_UISupportedInterfaceOrientations_iPhone = "UIInterfaceOrientationPortrait UIInterfaceOrientationLandscapeLeft UIInterfaceOrientationLandscapeRight";
				LD_RUNPATH_SEARCH_PATHS = (
					"$(inherited)",
					"@executable_path/Frameworks",
				);
				MARKETING_VERSION = 1.0;
				PRODUCT_BUNDLE_IDENTIFIER = "gaimo.ch.Pedometer-Swift";
				PRODUCT_NAME = "$(TARGET_NAME)";
				SWIFT_EMIT_LOC_STRINGS = YES;
				SWIFT_VERSION = 5.0;
				TARGETED_DEVICE_FAMILY = "1,2";
			};
			name = Release;
		};
		C025D30129EFC9EC001AA83C /* Debug */ = {
			isa = XCBuildConfiguration;
			buildSettings = {
				ALWAYS_EMBED_SWIFT_STANDARD_LIBRARIES = YES;
				BUNDLE_LOADER = "$(TEST_HOST)";
				CODE_SIGN_STYLE = Automatic;
				CURRENT_PROJECT_VERSION = 1;
				GENERATE_INFOPLIST_FILE = YES;
				IPHONEOS_DEPLOYMENT_TARGET = 16.4;
				MARKETING_VERSION = 1.0;
				PRODUCT_BUNDLE_IDENTIFIER = "gaimo.ch.Pedometer-SwiftTests";
				PRODUCT_NAME = "$(TARGET_NAME)";
				SWIFT_EMIT_LOC_STRINGS = NO;
				SWIFT_VERSION = 5.0;
				TARGETED_DEVICE_FAMILY = "1,2";
				TEST_HOST = "$(BUILT_PRODUCTS_DIR)/Pedometer-Swift.app/$(BUNDLE_EXECUTABLE_FOLDER_PATH)/Pedometer-Swift";
			};
			name = Debug;
		};
		C025D30229EFC9EC001AA83C /* Release */ = {
			isa = XCBuildConfiguration;
			buildSettings = {
				ALWAYS_EMBED_SWIFT_STANDARD_LIBRARIES = YES;
				BUNDLE_LOADER = "$(TEST_HOST)";
				CODE_SIGN_STYLE = Automatic;
				CURRENT_PROJECT_VERSION = 1;
				GENERATE_INFOPLIST_FILE = YES;
				IPHONEOS_DEPLOYMENT_TARGET = 16.4;
				MARKETING_VERSION = 1.0;
				PRODUCT_BUNDLE_IDENTIFIER = "gaimo.ch.Pedometer-SwiftTests";
				PRODUCT_NAME = "$(TARGET_NAME)";
				SWIFT_EMIT_LOC_STRINGS = NO;
				SWIFT_VERSION = 5.0;
				TARGETED_DEVICE_FAMILY = "1,2";
				TEST_HOST = "$(BUILT_PRODUCTS_DIR)/Pedometer-Swift.app/$(BUNDLE_EXECUTABLE_FOLDER_PATH)/Pedometer-Swift";
			};
			name = Release;
		};
		C025D30429EFC9EC001AA83C /* Debug */ = {
			isa = XCBuildConfiguration;
			buildSettings = {
				ALWAYS_EMBED_SWIFT_STANDARD_LIBRARIES = YES;
				CODE_SIGN_STYLE = Automatic;
				CURRENT_PROJECT_VERSION = 1;
				GENERATE_INFOPLIST_FILE = YES;
				MARKETING_VERSION = 1.0;
				PRODUCT_BUNDLE_IDENTIFIER = "gaimo.ch.Pedometer-SwiftUITests";
				PRODUCT_NAME = "$(TARGET_NAME)";
				SWIFT_EMIT_LOC_STRINGS = NO;
				SWIFT_VERSION = 5.0;
				TARGETED_DEVICE_FAMILY = "1,2";
				TEST_TARGET_NAME = "Pedometer-Swift";
			};
			name = Debug;
		};
		C025D30529EFC9EC001AA83C /* Release */ = {
			isa = XCBuildConfiguration;
			buildSettings = {
				ALWAYS_EMBED_SWIFT_STANDARD_LIBRARIES = YES;
				CODE_SIGN_STYLE = Automatic;
				CURRENT_PROJECT_VERSION = 1;
				GENERATE_INFOPLIST_FILE = YES;
				MARKETING_VERSION = 1.0;
				PRODUCT_BUNDLE_IDENTIFIER = "gaimo.ch.Pedometer-SwiftUITests";
				PRODUCT_NAME = "$(TARGET_NAME)";
				SWIFT_EMIT_LOC_STRINGS = NO;
				SWIFT_VERSION = 5.0;
				TARGETED_DEVICE_FAMILY = "1,2";
				TEST_TARGET_NAME = "Pedometer-Swift";
			};
			name = Release;
		};
/* End XCBuildConfiguration section */

/* Begin XCConfigurationList section */
		C025D2D429EFC9EB001AA83C /* Build configuration list for PBXProject "Pedometer-Swift" */ = {
			isa = XCConfigurationList;
			buildConfigurations = (
				C025D2FB29EFC9EC001AA83C /* Debug */,
				C025D2FC29EFC9EC001AA83C /* Release */,
			);
			defaultConfigurationIsVisible = 0;
			defaultConfigurationName = Release;
		};
		C025D2FD29EFC9EC001AA83C /* Build configuration list for PBXNativeTarget "Pedometer-Swift" */ = {
			isa = XCConfigurationList;
			buildConfigurations = (
				C025D2FE29EFC9EC001AA83C /* Debug */,
				C025D2FF29EFC9EC001AA83C /* Release */,
			);
			defaultConfigurationIsVisible = 0;
			defaultConfigurationName = Release;
		};
		C025D30029EFC9EC001AA83C /* Build configuration list for PBXNativeTarget "Pedometer-SwiftTests" */ = {
			isa = XCConfigurationList;
			buildConfigurations = (
				C025D30129EFC9EC001AA83C /* Debug */,
				C025D30229EFC9EC001AA83C /* Release */,
			);
			defaultConfigurationIsVisible = 0;
			defaultConfigurationName = Release;
		};
		C025D30329EFC9EC001AA83C /* Build configuration list for PBXNativeTarget "Pedometer-SwiftUITests" */ = {
			isa = XCConfigurationList;
			buildConfigurations = (
				C025D30429EFC9EC001AA83C /* Debug */,
				C025D30529EFC9EC001AA83C /* Release */,
			);
			defaultConfigurationIsVisible = 0;
			defaultConfigurationName = Release;
		};
/* End XCConfigurationList section */
	};
	rootObject = C025D2D129EFC9EB001AA83C /* Project object */;
}
